{
  "version": 4,
  "terraform_version": "1.3.7",
  "serial": 4,
  "lineage": "e005f7dd-8345-6d0e-c074-3b3e9f8e171e",
  "outputs": {},
  "resources": [
    {
      "mode": "managed",
      "type": "azurerm_resource_group",
      "name": "resourcegroup",
      "provider": "provider[\"registry.terraform.io/hashicorp/azurerm\"]",
      "instances": [
        {
          "schema_version": 0,
          "attributes": {
            "id": "/subscriptions/f99c3d28-250e-4c4a-b0b6-92edb0849788/resourceGroups/HangxTerraformRG",
            "location": "chinanorth2",
            "name": "HangxTerraformRG",
            "tags": {
              "owner": "HangXu",
              "usage": "LearnTerraform"
            },
            "timeouts": null
          },
          "sensitive_attributes": [],
          "private": "eyJlMmJmYjczMC1lY2FhLTExZTYtOGY4OC0zNDM2M2JjN2M0YzAiOnsiY3JlYXRlIjo1NDAwMDAwMDAwMDAwLCJkZWxldGUiOjU0MDAwMDAwMDAwMDAsInJlYWQiOjMwMDAwMDAwMDAwMCwidXBkYXRlIjo1NDAwMDAwMDAwMDAwfX0="
        }
      ]
    },
    {
      "mode": "managed",
      "type": "azurerm_storage_account",
      "name": "storageaccount",
      "provider": "provider[\"registry.terraform.io/hashicorp/azurerm\"]",
      "instances": [
        {
          "schema_version": 3,
          "attributes": {
            "access_tier": "Hot",
            "account_kind": "StorageV2",
            "account_replication_type": "LRS",
            "account_tier": "Standard",
            "allow_nested_items_to_be_public": true,
            "allowed_copy_scope": "",
            "azure_files_authentication": [],
            "blob_properties": [
              {
                "change_feed_enabled": false,
                "change_feed_retention_in_days": 0,
                "container_delete_retention_policy": [],
                "cors_rule": [],
                "default_service_version": "",
                "delete_retention_policy": [],
                "last_access_time_enabled": false,
                "restore_policy": [],
                "versioning_enabled": false
              }
            ],
            "cross_tenant_replication_enabled": true,
            "custom_domain": [],
            "customer_managed_key": [],
            "default_to_oauth_authentication": false,
            "edge_zone": "",
            "enable_https_traffic_only": true,
            "id": "/subscriptions/f99c3d28-250e-4c4a-b0b6-92edb0849788/resourceGroups/HangxTerraformRG/providers/Microsoft.Storage/storageAccounts/hangxtfsa1",
            "identity": [],
            "immutability_policy": [],
            "infrastructure_encryption_enabled": false,
            "is_hns_enabled": false,
            "large_file_share_enabled": null,
            "location": "chinanorth2",
            "min_tls_version": "TLS1_2",
            "name": "hangxtfsa1",
            "network_rules": [
              {
                "bypass": [
                  "AzureServices"
                ],
                "default_action": "Allow",
                "ip_rules": [],
                "private_link_access": [],
                "virtual_network_subnet_ids": []
              }
            ],
            "nfsv3_enabled": false,
            "primary_access_key": "A4RFY53wBbZEby5axoYHxf38yrar20DkKWsOZ1axiw/VWLR5EYAe8P8ZMVpzw14AYwSvar83OtwJ+AStuNU9Lg==",
            "primary_blob_connection_string": "DefaultEndpointsProtocol=https;BlobEndpoint=https://hangxtfsa1.blob.core.chinacloudapi.cn/;AccountName=hangxtfsa1;AccountKey=A4RFY53wBbZEby5axoYHxf38yrar20DkKWsOZ1axiw/VWLR5EYAe8P8ZMVpzw14AYwSvar83OtwJ+AStuNU9Lg==",
            "primary_blob_endpoint": "https://hangxtfsa1.blob.core.chinacloudapi.cn/",
            "primary_blob_host": "hangxtfsa1.blob.core.chinacloudapi.cn",
            "primary_connection_string": "DefaultEndpointsProtocol=https;AccountName=hangxtfsa1;AccountKey=A4RFY53wBbZEby5axoYHxf38yrar20DkKWsOZ1axiw/VWLR5EYAe8P8ZMVpzw14AYwSvar83OtwJ+AStuNU9Lg==;EndpointSuffix=core.chinacloudapi.cn",
            "primary_dfs_endpoint": "https://hangxtfsa1.dfs.core.chinacloudapi.cn/",
            "primary_dfs_host": "hangxtfsa1.dfs.core.chinacloudapi.cn",
            "primary_file_endpoint": "https://hangxtfsa1.file.core.chinacloudapi.cn/",
            "primary_file_host": "hangxtfsa1.file.core.chinacloudapi.cn",
            "primary_location": "chinanorth2",
            "primary_queue_endpoint": "https://hangxtfsa1.queue.core.chinacloudapi.cn/",
            "primary_queue_host": "hangxtfsa1.queue.core.chinacloudapi.cn",
            "primary_table_endpoint": "https://hangxtfsa1.table.core.chinacloudapi.cn/",
            "primary_table_host": "hangxtfsa1.table.core.chinacloudapi.cn",
            "primary_web_endpoint": "https://hangxtfsa1.z3.web.core.chinacloudapi.cn/",
            "primary_web_host": "hangxtfsa1.z3.web.core.chinacloudapi.cn",
            "public_network_access_enabled": true,
            "queue_encryption_key_type": "Service",
            "queue_properties": [
              {
                "cors_rule": [],
                "hour_metrics": [
                  {
                    "enabled": true,
                    "include_apis": true,
                    "retention_policy_days": 7,
                    "version": "1.0"
                  }
                ],
                "logging": [
                  {
                    "delete": false,
                    "read": false,
                    "retention_policy_days": 0,
                    "version": "1.0",
                    "write": false
                  }
                ],
                "minute_metrics": [
                  {
                    "enabled": false,
                    "include_apis": false,
                    "retention_policy_days": 0,
                    "version": "1.0"
                  }
                ]
              }
            ],
            "resource_group_name": "HangxTerraformRG",
            "routing": [],
            "sas_policy": [],
            "secondary_access_key": "lnLmdPWL8CO719rWf8Pptbj5BfZnv/LmXjDZMQXAPX/k65D0KzA18lSzdUo3q++CdiCK3hU7zLIa+AStmnW9WA==",
            "secondary_blob_connection_string": "",
            "secondary_blob_endpoint": null,
            "secondary_blob_host": null,
            "secondary_connection_string": "DefaultEndpointsProtocol=https;AccountName=hangxtfsa1;AccountKey=lnLmdPWL8CO719rWf8Pptbj5BfZnv/LmXjDZMQXAPX/k65D0KzA18lSzdUo3q++CdiCK3hU7zLIa+AStmnW9WA==;EndpointSuffix=core.chinacloudapi.cn",
            "secondary_dfs_endpoint": null,
            "secondary_dfs_host": null,
            "secondary_file_endpoint": null,
            "secondary_file_host": null,
            "secondary_location": "",
            "secondary_queue_endpoint": null,
            "secondary_queue_host": null,
            "secondary_table_endpoint": null,
            "secondary_table_host": null,
            "secondary_web_endpoint": null,
            "secondary_web_host": null,
            "sftp_enabled": false,
            "share_properties": [
              {
                "cors_rule": [],
                "retention_policy": [
                  {
                    "days": 7
                  }
                ],
                "smb": []
              }
            ],
            "shared_access_key_enabled": true,
            "static_website": [],
            "table_encryption_key_type": "Service",
            "tags": {
              "owner": "HangXu",
              "usage": "LearnTerraform"
            },
            "timeouts": null
          },
          "sensitive_attributes": [],
          "private": "eyJlMmJmYjczMC1lY2FhLTExZTYtOGY4OC0zNDM2M2JjN2M0YzAiOnsiY3JlYXRlIjozNjAwMDAwMDAwMDAwLCJkZWxldGUiOjM2MDAwMDAwMDAwMDAsInJlYWQiOjMwMDAwMDAwMDAwMCwidXBkYXRlIjozNjAwMDAwMDAwMDAwfSwic2NoZW1hX3ZlcnNpb24iOiIzIn0=",
          "dependencies": [
            "azurerm_resource_group.resourcegroup"
          ]
        }
      ]
    }
  ],
  "check_results": null
}
